// !$*UTF8*$!
{
	archiveVersion = 1;
	classes = {
	};
	objectVersion = 55;
	objects = {

/* Begin PBXBuildFile section */
		A610A48A2810409100334C2F /* ProfileView.swift in Sources */ = {isa = PBXBuildFile; fileRef = A610A4892810409100334C2F /* ProfileView.swift */; };
		A610A48C281045CE00334C2F /* SideMenuOptionRowView.swift in Sources */ = {isa = PBXBuildFile; fileRef = A610A48B281045CE00334C2F /* SideMenuOptionRowView.swift */; };
		A610A49328104C4300334C2F /* NewTweetView.swift in Sources */ = {isa = PBXBuildFile; fileRef = A610A49228104C4300334C2F /* NewTweetView.swift */; };
		A63C5BE4280C07970003EFD0 /* MainTabView.swift in Sources */ = {isa = PBXBuildFile; fileRef = A63C5BE3280C07970003EFD0 /* MainTabView.swift */; };
		A63C5BEB280C091C0003EFD0 /* NotificationView.swift in Sources */ = {isa = PBXBuildFile; fileRef = A63C5BEA280C091C0003EFD0 /* NotificationView.swift */; };
		A63C5BF4280C0AA40003EFD0 /* MessageView.swift in Sources */ = {isa = PBXBuildFile; fileRef = A63C5BF3280C0AA40003EFD0 /* MessageView.swift */; };
		A63C5BFC280C0BB20003EFD0 /* ExploreView.swift in Sources */ = {isa = PBXBuildFile; fileRef = A63C5BFB280C0BB20003EFD0 /* ExploreView.swift */; };
		A63C5BFE280C64830003EFD0 /* TweetFilterViewModel.swift in Sources */ = {isa = PBXBuildFile; fileRef = A63C5BFD280C64830003EFD0 /* TweetFilterViewModel.swift */; };
		A63C5C04280C691D0003EFD0 /* UserRowView.swift in Sources */ = {isa = PBXBuildFile; fileRef = A63C5C03280C691D0003EFD0 /* UserRowView.swift */; };
		A63C5C0A280C6E600003EFD0 /* SideMenuView.swift in Sources */ = {isa = PBXBuildFile; fileRef = A63C5C09280C6E600003EFD0 /* SideMenuView.swift */; };
		A63C5C0C280C6E780003EFD0 /* SideMenuViewModel.swift in Sources */ = {isa = PBXBuildFile; fileRef = A63C5C0B280C6E780003EFD0 /* SideMenuViewModel.swift */; };
		A63C5C0E280DA3600003EFD0 /* UserStateView.swift in Sources */ = {isa = PBXBuildFile; fileRef = A63C5C0D280DA3600003EFD0 /* UserStateView.swift */; };
		A691C64A280A111100E246CE /* TwitterApp.swift in Sources */ = {isa = PBXBuildFile; fileRef = A691C649280A111100E246CE /* TwitterApp.swift */; };
		A691C64C280A111100E246CE /* ContentView.swift in Sources */ = {isa = PBXBuildFile; fileRef = A691C64B280A111100E246CE /* ContentView.swift */; };
		A691C64E280A111400E246CE /* Assets.xcassets in Resources */ = {isa = PBXBuildFile; fileRef = A691C64D280A111400E246CE /* Assets.xcassets */; };
		A691C651280A111400E246CE /* Preview Assets.xcassets in Resources */ = {isa = PBXBuildFile; fileRef = A691C650280A111400E246CE /* Preview Assets.xcassets */; };
		A691C660280A11DF00E246CE /* FeedView.swift in Sources */ = {isa = PBXBuildFile; fileRef = A691C65F280A11DF00E246CE /* FeedView.swift */; };
		A691C663280A127A00E246CE /* TweetRowView.swift in Sources */ = {isa = PBXBuildFile; fileRef = A691C662280A127A00E246CE /* TweetRowView.swift */; };
/* End PBXBuildFile section */

/* Begin PBXFileReference section */
		A610A4892810409100334C2F /* ProfileView.swift */ = {isa = PBXFileReference; lastKnownFileType = sourcecode.swift; path = ProfileView.swift; sourceTree = "<group>"; };
		A610A48B281045CE00334C2F /* SideMenuOptionRowView.swift */ = {isa = PBXFileReference; lastKnownFileType = sourcecode.swift; path = SideMenuOptionRowView.swift; sourceTree = "<group>"; };
		A610A49228104C4300334C2F /* NewTweetView.swift */ = {isa = PBXFileReference; lastKnownFileType = sourcecode.swift; path = NewTweetView.swift; sourceTree = "<group>"; };
		A63C5BE3280C07970003EFD0 /* MainTabView.swift */ = {isa = PBXFileReference; lastKnownFileType = sourcecode.swift; path = MainTabView.swift; sourceTree = "<group>"; };
		A63C5BEA280C091C0003EFD0 /* NotificationView.swift */ = {isa = PBXFileReference; lastKnownFileType = sourcecode.swift; path = NotificationView.swift; sourceTree = "<group>"; };
		A63C5BF3280C0AA40003EFD0 /* MessageView.swift */ = {isa = PBXFileReference; lastKnownFileType = sourcecode.swift; path = MessageView.swift; sourceTree = "<group>"; };
		A63C5BFB280C0BB20003EFD0 /* ExploreView.swift */ = {isa = PBXFileReference; lastKnownFileType = sourcecode.swift; path = ExploreView.swift; sourceTree = "<group>"; };
		A63C5BFD280C64830003EFD0 /* TweetFilterViewModel.swift */ = {isa = PBXFileReference; lastKnownFileType = sourcecode.swift; path = TweetFilterViewModel.swift; sourceTree = "<group>"; };
		A63C5C03280C691D0003EFD0 /* UserRowView.swift */ = {isa = PBXFileReference; lastKnownFileType = sourcecode.swift; path = UserRowView.swift; sourceTree = "<group>"; };
		A63C5C09280C6E600003EFD0 /* SideMenuView.swift */ = {isa = PBXFileReference; lastKnownFileType = sourcecode.swift; path = SideMenuView.swift; sourceTree = "<group>"; };
		A63C5C0B280C6E780003EFD0 /* SideMenuViewModel.swift */ = {isa = PBXFileReference; lastKnownFileType = sourcecode.swift; path = SideMenuViewModel.swift; sourceTree = "<group>"; };
		A63C5C0D280DA3600003EFD0 /* UserStateView.swift */ = {isa = PBXFileReference; lastKnownFileType = sourcecode.swift; path = UserStateView.swift; sourceTree = "<group>"; };
		A691C646280A111100E246CE /* Twitter.app */ = {isa = PBXFileReference; explicitFileType = wrapper.application; includeInIndex = 0; path = Twitter.app; sourceTree = BUILT_PRODUCTS_DIR; };
		A691C649280A111100E246CE /* TwitterApp.swift */ = {isa = PBXFileReference; lastKnownFileType = sourcecode.swift; path = TwitterApp.swift; sourceTree = "<group>"; };
		A691C64B280A111100E246CE /* ContentView.swift */ = {isa = PBXFileReference; lastKnownFileType = sourcecode.swift; path = ContentView.swift; sourceTree = "<group>"; };
		A691C64D280A111400E246CE /* Assets.xcassets */ = {isa = PBXFileReference; lastKnownFileType = folder.assetcatalog; path = Assets.xcassets; sourceTree = "<group>"; };
		A691C650280A111400E246CE /* Preview Assets.xcassets */ = {isa = PBXFileReference; lastKnownFileType = folder.assetcatalog; path = "Preview Assets.xcassets"; sourceTree = "<group>"; };
		A691C65F280A11DF00E246CE /* FeedView.swift */ = {isa = PBXFileReference; lastKnownFileType = sourcecode.swift; path = FeedView.swift; sourceTree = "<group>"; };
		A691C662280A127A00E246CE /* TweetRowView.swift */ = {isa = PBXFileReference; lastKnownFileType = sourcecode.swift; path = TweetRowView.swift; sourceTree = "<group>"; };
/* End PBXFileReference section */

/* Begin PBXFrameworksBuildPhase section */
		A691C643280A111100E246CE /* Frameworks */ = {
			isa = PBXFrameworksBuildPhase;
			buildActionMask = 2147483647;
			files = (
			);
			runOnlyForDeploymentPostprocessing = 0;
		};
/* End PBXFrameworksBuildPhase section */

/* Begin PBXGroup section */
		A610A48D28104BF400334C2F /* UploadTweet */ = {
			isa = PBXGroup;
			children = (
				A610A49128104C2D00334C2F /* Views */,
				A610A49028104C1500334C2F /* ViewModel */,
			);
			path = UploadTweet;
			sourceTree = "<group>";
		};
		A610A49028104C1500334C2F /* ViewModel */ = {
			isa = PBXGroup;
			children = (
			);
			path = ViewModel;
			sourceTree = "<group>";
		};
		A610A49128104C2D00334C2F /* Views */ = {
			isa = PBXGroup;
			children = (
				A610A49228104C4300334C2F /* NewTweetView.swift */,
			);
			path = Views;
			sourceTree = "<group>";
		};
		A63C5BE2280C07790003EFD0 /* MainTap */ = {
			isa = PBXGroup;
			children = (
				A63C5BE3280C07970003EFD0 /* MainTabView.swift */,
			);
			path = MainTap;
			sourceTree = "<group>";
		};
		A63C5BE5280C08A40003EFD0 /* Profile */ = {
			isa = PBXGroup;
			children = (
				A63C5BF6280C0AD20003EFD0 /* Views */,
				A63C5BF5280C0AC40003EFD0 /* ViewModels */,
			);
			path = Profile;
			sourceTree = "<group>";
		};
		A63C5BE8280C090B0003EFD0 /* Explore */ = {
			isa = PBXGroup;
			children = (
				A63C5C00280C68D90003EFD0 /* Views */,
				A63C5BFF280C68CC0003EFD0 /* ViewModels */,
			);
			path = Explore;
			sourceTree = "<group>";
		};
		A63C5BE9280C09100003EFD0 /* Notification */ = {
			isa = PBXGroup;
			children = (
				A63C5BEA280C091C0003EFD0 /* NotificationView.swift */,
			);
			path = Notification;
			sourceTree = "<group>";
		};
		A63C5BF2280C0A950003EFD0 /* Messages */ = {
			isa = PBXGroup;
			children = (
				A63C5BF3280C0AA40003EFD0 /* MessageView.swift */,
			);
			path = Messages;
			sourceTree = "<group>";
		};
		A63C5BF5280C0AC40003EFD0 /* ViewModels */ = {
			isa = PBXGroup;
			children = (
				A63C5BFD280C64830003EFD0 /* TweetFilterViewModel.swift */,
			);
			path = ViewModels;
			sourceTree = "<group>";
		};
		A63C5BF6280C0AD20003EFD0 /* Views */ = {
			isa = PBXGroup;
			children = (
				A610A4892810409100334C2F /* ProfileView.swift */,
			);
			path = Views;
			sourceTree = "<group>";
		};
		A63C5BFF280C68CC0003EFD0 /* ViewModels */ = {
			isa = PBXGroup;
			children = (
			);
			path = ViewModels;
			sourceTree = "<group>";
		};
		A63C5C00280C68D90003EFD0 /* Views */ = {
			isa = PBXGroup;
			children = (
				A63C5BFB280C0BB20003EFD0 /* ExploreView.swift */,
			);
			path = Views;
			sourceTree = "<group>";
		};
		A63C5C01280C69040003EFD0 /* Users */ = {
			isa = PBXGroup;
			children = (
				A63C5C03280C691D0003EFD0 /* UserRowView.swift */,
			);
			path = Users;
			sourceTree = "<group>";
		};
		A63C5C05280C6D940003EFD0 /* SideMenu */ = {
			isa = PBXGroup;
			children = (
				A63C5C07280C6DB10003EFD0 /* Views */,
				A63C5C06280C6DA10003EFD0 /* ViewModel */,
			);
			path = SideMenu;
			sourceTree = "<group>";
		};
		A63C5C06280C6DA10003EFD0 /* ViewModel */ = {
			isa = PBXGroup;
			children = (
				A63C5C0B280C6E780003EFD0 /* SideMenuViewModel.swift */,
			);
			path = ViewModel;
			sourceTree = "<group>";
		};
		A63C5C07280C6DB10003EFD0 /* Views */ = {
			isa = PBXGroup;
			children = (
				A63C5C09280C6E600003EFD0 /* SideMenuView.swift */,
				A63C5C0D280DA3600003EFD0 /* UserStateView.swift */,
				A610A48B281045CE00334C2F /* SideMenuOptionRowView.swift */,
			);
			path = Views;
			sourceTree = "<group>";
		};
		A691C63D280A111100E246CE = {
			isa = PBXGroup;
			children = (
				A691C648280A111100E246CE /* Twitter */,
				A691C647280A111100E246CE /* Products */,
			);
			sourceTree = "<group>";
		};
		A691C647280A111100E246CE /* Products */ = {
			isa = PBXGroup;
			children = (
				A691C646280A111100E246CE /* Twitter.app */,
			);
			name = Products;
			sourceTree = "<group>";
		};
		A691C648280A111100E246CE /* Twitter */ = {
			isa = PBXGroup;
			children = (
				A691C65A280A11AE00E246CE /* Core */,
				A691C659280A11A800E246CE /* Service */,
				A691C658280A119F00E246CE /* Model */,
				A691C657280A119800E246CE /* Extensions */,
				A691C649280A111100E246CE /* TwitterApp.swift */,
				A691C64B280A111100E246CE /* ContentView.swift */,
				A691C64D280A111400E246CE /* Assets.xcassets */,
				A691C64F280A111400E246CE /* Preview Content */,
			);
			path = Twitter;
			sourceTree = "<group>";
		};
		A691C64F280A111400E246CE /* Preview Content */ = {
			isa = PBXGroup;
			children = (
				A691C650280A111400E246CE /* Preview Assets.xcassets */,
			);
			path = "Preview Content";
			sourceTree = "<group>";
		};
		A691C657280A119800E246CE /* Extensions */ = {
			isa = PBXGroup;
			children = (
			);
			path = Extensions;
			sourceTree = "<group>";
		};
		A691C658280A119F00E246CE /* Model */ = {
			isa = PBXGroup;
			children = (
			);
			path = Model;
			sourceTree = "<group>";
		};
		A691C659280A11A800E246CE /* Service */ = {
			isa = PBXGroup;
			children = (
			);
			path = Service;
			sourceTree = "<group>";
		};
		A691C65A280A11AE00E246CE /* Core */ = {
			isa = PBXGroup;
			children = (
				A610A48D28104BF400334C2F /* UploadTweet */,
				A63C5C05280C6D940003EFD0 /* SideMenu */,
				A63C5BF2280C0A950003EFD0 /* Messages */,
				A63C5BE9280C09100003EFD0 /* Notification */,
				A63C5BE8280C090B0003EFD0 /* Explore */,
				A63C5BE5280C08A40003EFD0 /* Profile */,
				A63C5BE2280C07790003EFD0 /* MainTap */,
				A691C65C280A11BE00E246CE /* Feed */,
				A691C65B280A11B400E246CE /* Components */,
			);
			path = Core;
			sourceTree = "<group>";
		};
		A691C65B280A11B400E246CE /* Components */ = {
			isa = PBXGroup;
			children = (
				A63C5C01280C69040003EFD0 /* Users */,
				A691C661280A126600E246CE /* Tweets */,
			);
			path = Components;
			sourceTree = "<group>";
		};
		A691C65C280A11BE00E246CE /* Feed */ = {
			isa = PBXGroup;
			children = (
				A691C65E280A11CB00E246CE /* View */,
				A691C65D280A11C300E246CE /* ViewModels */,
			);
			path = Feed;
			sourceTree = "<group>";
		};
		A691C65D280A11C300E246CE /* ViewModels */ = {
			isa = PBXGroup;
			children = (
			);
			path = ViewModels;
			sourceTree = "<group>";
		};
		A691C65E280A11CB00E246CE /* View */ = {
			isa = PBXGroup;
			children = (
				A691C65F280A11DF00E246CE /* FeedView.swift */,
			);
			path = View;
			sourceTree = "<group>";
		};
		A691C661280A126600E246CE /* Tweets */ = {
			isa = PBXGroup;
			children = (
				A691C662280A127A00E246CE /* TweetRowView.swift */,
			);
			path = Tweets;
			sourceTree = "<group>";
		};
/* End PBXGroup section */

/* Begin PBXNativeTarget section */
		A691C645280A111100E246CE /* Twitter */ = {
			isa = PBXNativeTarget;
			buildConfigurationList = A691C654280A111400E246CE /* Build configuration list for PBXNativeTarget "Twitter" */;
			buildPhases = (
				A691C642280A111100E246CE /* Sources */,
				A691C643280A111100E246CE /* Frameworks */,
				A691C644280A111100E246CE /* Resources */,
			);
			buildRules = (
			);
			dependencies = (
			);
			name = Twitter;
			productName = Twitter;
			productReference = A691C646280A111100E246CE /* Twitter.app */;
			productType = "com.apple.product-type.application";
		};
/* End PBXNativeTarget section */

/* Begin PBXProject section */
		A691C63E280A111100E246CE /* Project object */ = {
			isa = PBXProject;
			attributes = {
				BuildIndependentTargetsInParallel = 1;
				LastSwiftUpdateCheck = 1330;
				LastUpgradeCheck = 1330;
				TargetAttributes = {
					A691C645280A111100E246CE = {
						CreatedOnToolsVersion = 13.3;
					};
				};
			};
			buildConfigurationList = A691C641280A111100E246CE /* Build configuration list for PBXProject "Twitter" */;
			compatibilityVersion = "Xcode 13.0";
			developmentRegion = en;
			hasScannedForEncodings = 0;
			knownRegions = (
				en,
				Base,
			);
			mainGroup = A691C63D280A111100E246CE;
			productRefGroup = A691C647280A111100E246CE /* Products */;
			projectDirPath = "";
			projectRoot = "";
			targets = (
				A691C645280A111100E246CE /* Twitter */,
			);
		};
/* End PBXProject section */

/* Begin PBXResourcesBuildPhase section */
		A691C644280A111100E246CE /* Resources */ = {
			isa = PBXResourcesBuildPhase;
			buildActionMask = 2147483647;
			files = (
				A691C651280A111400E246CE /* Preview Assets.xcassets in Resources */,
				A691C64E280A111400E246CE /* Assets.xcassets in Resources */,
			);
			runOnlyForDeploymentPostprocessing = 0;
		};
/* End PBXResourcesBuildPhase section */

/* Begin PBXSourcesBuildPhase section */
		A691C642280A111100E246CE /* Sources */ = {
			isa = PBXSourcesBuildPhase;
			buildActionMask = 2147483647;
			files = (
				A691C64C280A111100E246CE /* ContentView.swift in Sources */,
				A63C5BFC280C0BB20003EFD0 /* ExploreView.swift in Sources */,
				A691C663280A127A00E246CE /* TweetRowView.swift in Sources */,
				A63C5BFE280C64830003EFD0 /* TweetFilterViewModel.swift in Sources */,
				A63C5C0A280C6E600003EFD0 /* SideMenuView.swift in Sources */,
				A63C5BF4280C0AA40003EFD0 /* MessageView.swift in Sources */,
				A63C5BEB280C091C0003EFD0 /* NotificationView.swift in Sources */,
				A63C5C0C280C6E780003EFD0 /* SideMenuViewModel.swift in Sources */,
				A691C660280A11DF00E246CE /* FeedView.swift in Sources */,
				A63C5C04280C691D0003EFD0 /* UserRowView.swift in Sources */,
				A610A48C281045CE00334C2F /* SideMenuOptionRowView.swift in Sources */,
				A610A49328104C4300334C2F /* NewTweetView.swift in Sources */,
				A63C5C0E280DA3600003EFD0 /* UserStateView.swift in Sources */,
				A691C64A280A111100E246CE /* TwitterApp.swift in Sources */,
				A610A48A2810409100334C2F /* ProfileView.swift in Sources */,
				A63C5BE4280C07970003EFD0 /* MainTabView.swift in Sources */,
			);
			runOnlyForDeploymentPostprocessing = 0;
		};
/* End PBXSourcesBuildPhase section */

/* Begin XCBuildConfiguration section */
		A691C652280A111400E246CE /* Debug */ = {
			isa = XCBuildConfiguration;
			buildSettings = {
				ALWAYS_SEARCH_USER_PATHS = NO;
				CLANG_ANALYZER_NONNULL = YES;
				CLANG_ANALYZER_NUMBER_OBJECT_CONVERSION = YES_AGGRESSIVE;
				CLANG_CXX_LANGUAGE_STANDARD = "gnu++17";
				CLANG_ENABLE_MODULES = YES;
				CLANG_ENABLE_OBJC_ARC = YES;
				CLANG_ENABLE_OBJC_WEAK = YES;
				CLANG_WARN_BLOCK_CAPTURE_AUTORELEASING = YES;
				CLANG_WARN_BOOL_CONVERSION = YES;
				CLANG_WARN_COMMA = YES;
				CLANG_WARN_CONSTANT_CONVERSION = YES;
				CLANG_WARN_DEPRECATED_OBJC_IMPLEMENTATIONS = YES;
				CLANG_WARN_DIRECT_OBJC_ISA_USAGE = YES_ERROR;
				CLANG_WARN_DOCUMENTATION_COMMENTS = YES;
				CLANG_WARN_EMPTY_BODY = YES;
				CLANG_WARN_ENUM_CONVERSION = YES;
				CLANG_WARN_INFINITE_RECURSION = YES;
				CLANG_WARN_INT_CONVERSION = YES;
				CLANG_WARN_NON_LITERAL_NULL_CONVERSION = YES;
				CLANG_WARN_OBJC_IMPLICIT_RETAIN_SELF = YES;
				CLANG_WARN_OBJC_LITERAL_CONVERSION = YES;
				CLANG_WARN_OBJC_ROOT_CLASS = YES_ERROR;
				CLANG_WARN_QUOTED_INCLUDE_IN_FRAMEWORK_HEADER = YES;
				CLANG_WARN_RANGE_LOOP_ANALYSIS = YES;
				CLANG_WARN_STRICT_PROTOTYPES = YES;
				CLANG_WARN_SUSPICIOUS_MOVE = YES;
				CLANG_WARN_UNGUARDED_AVAILABILITY = YES_AGGRESSIVE;
				CLANG_WARN_UNREACHABLE_CODE = YES;
				CLANG_WARN__DUPLICATE_METHOD_MATCH = YES;
				COPY_PHASE_STRIP = NO;
				DEBUG_INFORMATION_FORMAT = dwarf;
				ENABLE_STRICT_OBJC_MSGSEND = YES;
				ENABLE_TESTABILITY = YES;
				GCC_C_LANGUAGE_STANDARD = gnu11;
				GCC_DYNAMIC_NO_PIC = NO;
				GCC_NO_COMMON_BLOCKS = YES;
				GCC_OPTIMIZATION_LEVEL = 0;
				GCC_PREPROCESSOR_DEFINITIONS = (
					"DEBUG=1",
					"$(inherited)",
				);
				GCC_WARN_64_TO_32_BIT_CONVERSION = YES;
				GCC_WARN_ABOUT_RETURN_TYPE = YES_ERROR;
				GCC_WARN_UNDECLARED_SELECTOR = YES;
				GCC_WARN_UNINITIALIZED_AUTOS = YES_AGGRESSIVE;
				GCC_WARN_UNUSED_FUNCTION = YES;
				GCC_WARN_UNUSED_VARIABLE = YES;
				IPHONEOS_DEPLOYMENT_TARGET = 15.4;
				MTL_ENABLE_DEBUG_INFO = INCLUDE_SOURCE;
				MTL_FAST_MATH = YES;
				ONLY_ACTIVE_ARCH = YES;
				SDKROOT = iphoneos;
				SWIFT_ACTIVE_COMPILATION_CONDITIONS = DEBUG;
				SWIFT_OPTIMIZATION_LEVEL = "-Onone";
			};
			name = Debug;
		};
		A691C653280A111400E246CE /* Release */ = {
			isa = XCBuildConfiguration;
			buildSettings = {
				ALWAYS_SEARCH_USER_PATHS = NO;
				CLANG_ANALYZER_NONNULL = YES;
				CLANG_ANALYZER_NUMBER_OBJECT_CONVERSION = YES_AGGRESSIVE;
				CLANG_CXX_LANGUAGE_STANDARD = "gnu++17";
				CLANG_ENABLE_MODULES = YES;
				CLANG_ENABLE_OBJC_ARC = YES;
				CLANG_ENABLE_OBJC_WEAK = YES;
				CLANG_WARN_BLOCK_CAPTURE_AUTORELEASING = YES;
				CLANG_WARN_BOOL_CONVERSION = YES;
				CLANG_WARN_COMMA = YES;
				CLANG_WARN_CONSTANT_CONVERSION = YES;
				CLANG_WARN_DEPRECATED_OBJC_IMPLEMENTATIONS = YES;
				CLANG_WARN_DIRECT_OBJC_ISA_USAGE = YES_ERROR;
				CLANG_WARN_DOCUMENTATION_COMMENTS = YES;
				CLANG_WARN_EMPTY_BODY = YES;
				CLANG_WARN_ENUM_CONVERSION = YES;
				CLANG_WARN_INFINITE_RECURSION = YES;
				CLANG_WARN_INT_CONVERSION = YES;
				CLANG_WARN_NON_LITERAL_NULL_CONVERSION = YES;
				CLANG_WARN_OBJC_IMPLICIT_RETAIN_SELF = YES;
				CLANG_WARN_OBJC_LITERAL_CONVERSION = YES;
				CLANG_WARN_OBJC_ROOT_CLASS = YES_ERROR;
				CLANG_WARN_QUOTED_INCLUDE_IN_FRAMEWORK_HEADER = YES;
				CLANG_WARN_RANGE_LOOP_ANALYSIS = YES;
				CLANG_WARN_STRICT_PROTOTYPES = YES;
				CLANG_WARN_SUSPICIOUS_MOVE = YES;
				CLANG_WARN_UNGUARDED_AVAILABILITY = YES_AGGRESSIVE;
				CLANG_WARN_UNREACHABLE_CODE = YES;
				CLANG_WARN__DUPLICATE_METHOD_MATCH = YES;
				COPY_PHASE_STRIP = NO;
				DEBUG_INFORMATION_FORMAT = "dwarf-with-dsym";
				ENABLE_NS_ASSERTIONS = NO;
				ENABLE_STRICT_OBJC_MSGSEND = YES;
				GCC_C_LANGUAGE_STANDARD = gnu11;
				GCC_NO_COMMON_BLOCKS = YES;
				GCC_WARN_64_TO_32_BIT_CONVERSION = YES;
				GCC_WARN_ABOUT_RETURN_TYPE = YES_ERROR;
				GCC_WARN_UNDECLARED_SELECTOR = YES;
				GCC_WARN_UNINITIALIZED_AUTOS = YES_AGGRESSIVE;
				GCC_WARN_UNUSED_FUNCTION = YES;
				GCC_WARN_UNUSED_VARIABLE = YES;
				IPHONEOS_DEPLOYMENT_TARGET = 15.4;
				MTL_ENABLE_DEBUG_INFO = NO;
				MTL_FAST_MATH = YES;
				SDKROOT = iphoneos;
				SWIFT_COMPILATION_MODE = wholemodule;
				SWIFT_OPTIMIZATION_LEVEL = "-O";
				VALIDATE_PRODUCT = YES;
			};
			name = Release;
		};
		A691C655280A111400E246CE /* Debug */ = {
			isa = XCBuildConfiguration;
			buildSettings = {
				ASSETCATALOG_COMPILER_APPICON_NAME = AppIcon;
				ASSETCATALOG_COMPILER_GLOBAL_ACCENT_COLOR_NAME = AccentColor;
				CODE_SIGN_STYLE = Automatic;
				CURRENT_PROJECT_VERSION = 1;
				DEVELOPMENT_ASSET_PATHS = "\"Twitter/Preview Content\"";
				ENABLE_PREVIEWS = YES;
				GENERATE_INFOPLIST_FILE = YES;
				INFOPLIST_KEY_UIApplicationSceneManifest_Generation = YES;
				INFOPLIST_KEY_UIApplicationSupportsIndirectInputEvents = YES;
				INFOPLIST_KEY_UILaunchScreen_Generation = YES;
				INFOPLIST_KEY_UISupportedInterfaceOrientations_iPad = "UIInterfaceOrientationPortrait UIInterfaceOrientationPortraitUpsideDown UIInterfaceOrientationLandscapeLeft UIInterfaceOrientationLandscapeRight";
				INFOPLIST_KEY_UISupportedInterfaceOrientations_iPhone = "UIInterfaceOrientationPortrait UIInterfaceOrientationLandscapeLeft UIInterfaceOrientationLandscapeRight";
				LD_RUNPATH_SEARCH_PATHS = (
					"$(inherited)",
					"@executable_path/Frameworks",
				);
				MARKETING_VERSION = 1.0;
				PRODUCT_BUNDLE_IDENTIFIER = com.jun.Twitter;
				PRODUCT_NAME = "$(TARGET_NAME)";
				SWIFT_EMIT_LOC_STRINGS = YES;
				SWIFT_VERSION = 5.0;
				TARGETED_DEVICE_FAMILY = "1,2";
			};
			name = Debug;
		};
		A691C656280A111400E246CE /* Release */ = {
			isa = XCBuildConfiguration;
			buildSettings = {
				ASSETCATALOG_COMPILER_APPICON_NAME = AppIcon;
				ASSETCATALOG_COMPILER_GLOBAL_ACCENT_COLOR_NAME = AccentColor;
				CODE_SIGN_STYLE = Automatic;
				CURRENT_PROJECT_VERSION = 1;
				DEVELOPMENT_ASSET_PATHS = "\"Twitter/Preview Content\"";
				ENABLE_PREVIEWS = YES;
				GENERATE_INFOPLIST_FILE = YES;
				INFOPLIST_KEY_UIApplicationSceneManifest_Generation = YES;
				INFOPLIST_KEY_UIApplicationSupportsIndirectInputEvents = YES;
				INFOPLIST_KEY_UILaunchScreen_Generation = YES;
				INFOPLIST_KEY_UISupportedInterfaceOrientations_iPad = "UIInterfaceOrientationPortrait UIInterfaceOrientationPortraitUpsideDown UIInterfaceOrientationLandscapeLeft UIInterfaceOrientationLandscapeRight";
				INFOPLIST_KEY_UISupportedInterfaceOrientations_iPhone = "UIInterfaceOrientationPortrait UIInterfaceOrientationLandscapeLeft UIInterfaceOrientationLandscapeRight";
				LD_RUNPATH_SEARCH_PATHS = (
					"$(inherited)",
					"@executable_path/Frameworks",
				);
				MARKETING_VERSION = 1.0;
				PRODUCT_BUNDLE_IDENTIFIER = com.jun.Twitter;
				PRODUCT_NAME = "$(TARGET_NAME)";
				SWIFT_EMIT_LOC_STRINGS = YES;
				SWIFT_VERSION = 5.0;
				TARGETED_DEVICE_FAMILY = "1,2";
			};
			name = Release;
		};
/* End XCBuildConfiguration section */

/* Begin XCConfigurationList section */
		A691C641280A111100E246CE /* Build configuration list for PBXProject "Twitter" */ = {
			isa = XCConfigurationList;
			buildConfigurations = (
				A691C652280A111400E246CE /* Debug */,
				A691C653280A111400E246CE /* Release */,
			);
			defaultConfigurationIsVisible = 0;
			defaultConfigurationName = Release;
		};
		A691C654280A111400E246CE /* Build configuration list for PBXNativeTarget "Twitter" */ = {
			isa = XCConfigurationList;
			buildConfigurations = (
				A691C655280A111400E246CE /* Debug */,
				A691C656280A111400E246CE /* Release */,
			);
			defaultConfigurationIsVisible = 0;
			defaultConfigurationName = Release;
		};
/* End XCConfigurationList section */
	};
	rootObject = A691C63E280A111100E246CE /* Project object */;
}
